// !$*UTF8*$!
{
	archiveVersion = 1;
	classes = {
	};
	objectVersion = 50;
	objects = {

/* Begin PBXBuildFile section */
		75DF40E92173956C002D92DE /* AppDelegate.swift in Sources */ = {isa = PBXBuildFile; fileRef = 75DF40E82173956C002D92DE /* AppDelegate.swift */; };
		75DF40EB2173956C002D92DE /* MainVC.swift in Sources */ = {isa = PBXBuildFile; fileRef = 75DF40EA2173956C002D92DE /* MainVC.swift */; };
		75DF40EE2173956C002D92DE /* Main.storyboard in Resources */ = {isa = PBXBuildFile; fileRef = 75DF40EC2173956C002D92DE /* Main.storyboard */; };
		75DF40F02173956E002D92DE /* Assets.xcassets in Resources */ = {isa = PBXBuildFile; fileRef = 75DF40EF2173956E002D92DE /* Assets.xcassets */; };
		75DF40F32173956E002D92DE /* LaunchScreen.storyboard in Resources */ = {isa = PBXBuildFile; fileRef = 75DF40F12173956E002D92DE /* LaunchScreen.storyboard */; };
		75DF40FD21739785002D92DE /* CurrencyTextField.swift in Sources */ = {isa = PBXBuildFile; fileRef = 75DF40FC21739785002D92DE /* CurrencyTextField.swift */; };
		75DF410521739F34002D92DE /* Window_ShopperTests.swift in Sources */ = {isa = PBXBuildFile; fileRef = 75DF410421739F34002D92DE /* Window_ShopperTests.swift */; };
		75DF410E21739F53002D92DE /* Wage.swift in Sources */ = {isa = PBXBuildFile; fileRef = 75DF410D21739F53002D92DE /* Wage.swift */; };
		75DF410F2173A073002D92DE /* Wage.swift in Sources */ = {isa = PBXBuildFile; fileRef = 75DF410D21739F53002D92DE /* Wage.swift */; };
/* End PBXBuildFile section */

/* Begin PBXContainerItemProxy section */
		75DF410721739F34002D92DE /* PBXContainerItemProxy */ = {
			isa = PBXContainerItemProxy;
			containerPortal = 75DF40DD2173956C002D92DE /* Project object */;
			proxyType = 1;
			remoteGlobalIDString = 75DF40E42173956C002D92DE;
			remoteInfo = "Window Shopper";
		};
/* End PBXContainerItemProxy section */

/* Begin PBXFileReference section */
		75DF40E52173956C002D92DE /* Window Shopper.app */ = {isa = PBXFileReference; explicitFileType = wrapper.application; includeInIndex = 0; path = "Window Shopper.app"; sourceTree = BUILT_PRODUCTS_DIR; };
		75DF40E82173956C002D92DE /* AppDelegate.swift */ = {isa = PBXFileReference; lastKnownFileType = sourcecode.swift; path = AppDelegate.swift; sourceTree = "<group>"; };
		75DF40EA2173956C002D92DE /* MainVC.swift */ = {isa = PBXFileReference; lastKnownFileType = sourcecode.swift; path = MainVC.swift; sourceTree = "<group>"; };
		75DF40ED2173956C002D92DE /* Base */ = {isa = PBXFileReference; lastKnownFileType = file.storyboard; name = Base; path = Base.lproj/Main.storyboard; sourceTree = "<group>"; };
		75DF40EF2173956E002D92DE /* Assets.xcassets */ = {isa = PBXFileReference; lastKnownFileType = folder.assetcatalog; path = Assets.xcassets; sourceTree = "<group>"; };
		75DF40F22173956E002D92DE /* Base */ = {isa = PBXFileReference; lastKnownFileType = file.storyboard; name = Base; path = Base.lproj/LaunchScreen.storyboard; sourceTree = "<group>"; };
		75DF40F42173956E002D92DE /* Info.plist */ = {isa = PBXFileReference; lastKnownFileType = text.plist.xml; path = Info.plist; sourceTree = "<group>"; };
		75DF40FC21739785002D92DE /* CurrencyTextField.swift */ = {isa = PBXFileReference; lastKnownFileType = sourcecode.swift; path = CurrencyTextField.swift; sourceTree = "<group>"; };
		75DF410221739F34002D92DE /* Window ShopperTests.xctest */ = {isa = PBXFileReference; explicitFileType = wrapper.cfbundle; includeInIndex = 0; path = "Window ShopperTests.xctest"; sourceTree = BUILT_PRODUCTS_DIR; };
		75DF410421739F34002D92DE /* Window_ShopperTests.swift */ = {isa = PBXFileReference; lastKnownFileType = sourcecode.swift; path = Window_ShopperTests.swift; sourceTree = "<group>"; };
		75DF410621739F34002D92DE /* Info.plist */ = {isa = PBXFileReference; lastKnownFileType = text.plist.xml; path = Info.plist; sourceTree = "<group>"; };
		75DF410D21739F53002D92DE /* Wage.swift */ = {isa = PBXFileReference; lastKnownFileType = sourcecode.swift; path = Wage.swift; sourceTree = "<group>"; };
/* End PBXFileReference section */

/* Begin PBXFrameworksBuildPhase section */
		75DF40E22173956C002D92DE /* Frameworks */ = {
			isa = PBXFrameworksBuildPhase;
			buildActionMask = 2147483647;
			files = (
			);
			runOnlyForDeploymentPostprocessing = 0;
		};
		75DF40FF21739F34002D92DE /* Frameworks */ = {
			isa = PBXFrameworksBuildPhase;
			buildActionMask = 2147483647;
			files = (
			);
			runOnlyForDeploymentPostprocessing = 0;
		};
/* End PBXFrameworksBuildPhase section */

/* Begin PBXGroup section */
		75DF40DC2173956C002D92DE = {
			isa = PBXGroup;
			children = (
				75DF40E72173956C002D92DE /* Window Shopper */,
				75DF410321739F34002D92DE /* Window ShopperTests */,
				75DF40E62173956C002D92DE /* Products */,
			);
			sourceTree = "<group>";
		};
		75DF40E62173956C002D92DE /* Products */ = {
			isa = PBXGroup;
			children = (
				75DF40E52173956C002D92DE /* Window Shopper.app */,
				75DF410221739F34002D92DE /* Window ShopperTests.xctest */,
			);
			name = Products;
			sourceTree = "<group>";
		};
		75DF40E72173956C002D92DE /* Window Shopper */ = {
			isa = PBXGroup;
			children = (
				75DF410C21739F43002D92DE /* Model */,
				75DF40FB21739760002D92DE /* Views */,
				75DF40FA21739595002D92DE /* Controller */,
				75DF40E82173956C002D92DE /* AppDelegate.swift */,
				75DF40EC2173956C002D92DE /* Main.storyboard */,
				75DF40EF2173956E002D92DE /* Assets.xcassets */,
				75DF40F12173956E002D92DE /* LaunchScreen.storyboard */,
				75DF40F42173956E002D92DE /* Info.plist */,
			);
			path = "Window Shopper";
			sourceTree = "<group>";
		};
		75DF40FA21739595002D92DE /* Controller */ = {
			isa = PBXGroup;
			children = (
				75DF40EA2173956C002D92DE /* MainVC.swift */,
			);
			path = Controller;
			sourceTree = "<group>";
		};
		75DF40FB21739760002D92DE /* Views */ = {
			isa = PBXGroup;
			children = (
				75DF40FC21739785002D92DE /* CurrencyTextField.swift */,
			);
			path = Views;
			sourceTree = "<group>";
		};
		75DF410321739F34002D92DE /* Window ShopperTests */ = {
			isa = PBXGroup;
			children = (
				75DF410421739F34002D92DE /* Window_ShopperTests.swift */,
				75DF410621739F34002D92DE /* Info.plist */,
			);
			path = "Window ShopperTests";
			sourceTree = "<group>";
		};
		75DF410C21739F43002D92DE /* Model */ = {
			isa = PBXGroup;
			children = (
				75DF410D21739F53002D92DE /* Wage.swift */,
			);
			path = Model;
			sourceTree = "<group>";
		};
/* End PBXGroup section */

/* Begin PBXNativeTarget section */
		75DF40E42173956C002D92DE /* Window Shopper */ = {
			isa = PBXNativeTarget;
			buildConfigurationList = 75DF40F72173956E002D92DE /* Build configuration list for PBXNativeTarget "Window Shopper" */;
			buildPhases = (
				75DF40E12173956C002D92DE /* Sources */,
				75DF40E22173956C002D92DE /* Frameworks */,
				75DF40E32173956C002D92DE /* Resources */,
			);
			buildRules = (
			);
			dependencies = (
			);
			name = "Window Shopper";
			productName = "Window Shopper";
			productReference = 75DF40E52173956C002D92DE /* Window Shopper.app */;
			productType = "com.apple.product-type.application";
		};
		75DF410121739F34002D92DE /* Window ShopperTests */ = {
			isa = PBXNativeTarget;
			buildConfigurationList = 75DF410921739F34002D92DE /* Build configuration list for PBXNativeTarget "Window ShopperTests" */;
			buildPhases = (
				75DF40FE21739F34002D92DE /* Sources */,
				75DF40FF21739F34002D92DE /* Frameworks */,
				75DF410021739F34002D92DE /* Resources */,
			);
			buildRules = (
			);
			dependencies = (
				75DF410821739F34002D92DE /* PBXTargetDependency */,
			);
			name = "Window ShopperTests";
			productName = "Window ShopperTests";
			productReference = 75DF410221739F34002D92DE /* Window ShopperTests.xctest */;
			productType = "com.apple.product-type.bundle.unit-test";
		};
/* End PBXNativeTarget section */

/* Begin PBXProject section */
		75DF40DD2173956C002D92DE /* Project object */ = {
			isa = PBXProject;
			attributes = {
				LastSwiftUpdateCheck = 1000;
				LastUpgradeCheck = 1000;
				ORGANIZATIONNAME = Artur;
				TargetAttributes = {
					75DF40E42173956C002D92DE = {
						CreatedOnToolsVersion = 10.0;
					};
					75DF410121739F34002D92DE = {
						CreatedOnToolsVersion = 10.0;
						TestTargetID = 75DF40E42173956C002D92DE;
					};
				};
			};
			buildConfigurationList = 75DF40E02173956C002D92DE /* Build configuration list for PBXProject "Window Shopper" */;
			compatibilityVersion = "Xcode 9.3";
			developmentRegion = en;
			hasScannedForEncodings = 0;
			knownRegions = (
				en,
				Base,
			);
			mainGroup = 75DF40DC2173956C002D92DE;
			productRefGroup = 75DF40E62173956C002D92DE /* Products */;
			projectDirPath = "";
			projectRoot = "";
			targets = (
				75DF40E42173956C002D92DE /* Window Shopper */,
				75DF410121739F34002D92DE /* Window ShopperTests */,
			);
		};
/* End PBXProject section */

/* Begin PBXResourcesBuildPhase section */
		75DF40E32173956C002D92DE /* Resources */ = {
			isa = PBXResourcesBuildPhase;
			buildActionMask = 2147483647;
			files = (
				75DF40F32173956E002D92DE /* LaunchScreen.storyboard in Resources */,
				75DF40F02173956E002D92DE /* Assets.xcassets in Resources */,
				75DF40EE2173956C002D92DE /* Main.storyboard in Resources */,
			);
			runOnlyForDeploymentPostprocessing = 0;
		};
		75DF410021739F34002D92DE /* Resources */ = {
			isa = PBXResourcesBuildPhase;
			buildActionMask = 2147483647;
			files = (
			);
			runOnlyForDeploymentPostprocessing = 0;
		};
/* End PBXResourcesBuildPhase section */

/* Begin PBXSourcesBuildPhase section */
		75DF40E12173956C002D92DE /* Sources */ = {
			isa = PBXSourcesBuildPhase;
			buildActionMask = 2147483647;
			files = (
				75DF40FD21739785002D92DE /* CurrencyTextField.swift in Sources */,
				75DF410E21739F53002D92DE /* Wage.swift in Sources */,
				75DF40EB2173956C002D92DE /* MainVC.swift in Sources */,
				75DF40E92173956C002D92DE /* AppDelegate.swift in Sources */,
			);
			runOnlyForDeploymentPostprocessing = 0;
		};
		75DF40FE21739F34002D92DE /* Sources */ = {
			isa = PBXSourcesBuildPhase;
			buildActionMask = 2147483647;
			files = (
				75DF410521739F34002D92DE /* Window_ShopperTests.swift in Sources */,
				75DF410F2173A073002D92DE /* Wage.swift in Sources */,
			);
			runOnlyForDeploymentPostprocessing = 0;
		};
/* End PBXSourcesBuildPhase section */

/* Begin PBXTargetDependency section */
		75DF410821739F34002D92DE /* PBXTargetDependency */ = {
			isa = PBXTargetDependency;
			target = 75DF40E42173956C002D92DE /* Window Shopper */;
			targetProxy = 75DF410721739F34002D92DE /* PBXContainerItemProxy */;
		};
/* End PBXTargetDependency section */

/* Begin PBXVariantGroup section */
		75DF40EC2173956C002D92DE /* Main.storyboard */ = {
			isa = PBXVariantGroup;
			children = (
				75DF40ED2173956C002D92DE /* Base */,
			);
			name = Main.storyboard;
			sourceTree = "<group>";
		};
		75DF40F12173956E002D92DE /* LaunchScreen.storyboard */ = {
			isa = PBXVariantGroup;
			children = (
				75DF40F22173956E002D92DE /* Base */,
			);
			name = LaunchScreen.storyboard;
			sourceTree = "<group>";
		};
/* End PBXVariantGroup section */

/* Begin XCBuildConfiguration section */
		75DF40F52173956E002D92DE /* Debug */ = {
			isa = XCBuildConfiguration;
			buildSettings = {
				ALWAYS_SEARCH_USER_PATHS = NO;
				CLANG_ANALYZER_NONNULL = YES;
				CLANG_ANALYZER_NUMBER_OBJECT_CONVERSION = YES_AGGRESSIVE;
				CLANG_CXX_LANGUAGE_STANDARD = "gnu++14";
				CLANG_CXX_LIBRARY = "libc++";
				CLANG_ENABLE_MODULES = YES;
				CLANG_ENABLE_OBJC_ARC = YES;
				CLANG_ENABLE_OBJC_WEAK = YES;
				CLANG_WARN_BLOCK_CAPTURE_AUTORELEASING = YES;
				CLANG_WARN_BOOL_CONVERSION = YES;
				CLANG_WARN_COMMA = YES;
				CLANG_WARN_CONSTANT_CONVERSION = YES;
				CLANG_WARN_DEPRECATED_OBJC_IMPLEMENTATIONS = YES;
				CLANG_WARN_DIRECT_OBJC_ISA_USAGE = YES_ERROR;
				CLANG_WARN_DOCUMENTATION_COMMENTS = YES;
				CLANG_WARN_EMPTY_BODY = YES;
				CLANG_WARN_ENUM_CONVERSION = YES;
				CLANG_WARN_INFINITE_RECURSION = YES;
				CLANG_WARN_INT_CONVERSION = YES;
				CLANG_WARN_NON_LITERAL_NULL_CONVERSION = YES;
				CLANG_WARN_OBJC_IMPLICIT_RETAIN_SELF = YES;
				CLANG_WARN_OBJC_LITERAL_CONVERSION = YES;
				CLANG_WARN_OBJC_ROOT_CLASS = YES_ERROR;
				CLANG_WARN_RANGE_LOOP_ANALYSIS = YES;
				CLANG_WARN_STRICT_PROTOTYPES = YES;
				CLANG_WARN_SUSPICIOUS_MOVE = YES;
				CLANG_WARN_UNGUARDED_AVAILABILITY = YES_AGGRESSIVE;
				CLANG_WARN_UNREACHABLE_CODE = YES;
				CLANG_WARN__DUPLICATE_METHOD_MATCH = YES;
				CODE_SIGN_IDENTITY = "iPhone Developer";
				COPY_PHASE_STRIP = NO;
				DEBUG_INFORMATION_FORMAT = dwarf;
				ENABLE_STRICT_OBJC_MSGSEND = YES;
				ENABLE_TESTABILITY = YES;
				GCC_C_LANGUAGE_STANDARD = gnu11;
				GCC_DYNAMIC_NO_PIC = NO;
				GCC_NO_COMMON_BLOCKS = YES;
				GCC_OPTIMIZATION_LEVEL = 0;
				GCC_PREPROCESSOR_DEFINITIONS = (
					"DEBUG=1",
					"$(inherited)",
				);
				GCC_WARN_64_TO_32_BIT_CONVERSION = YES;
				GCC_WARN_ABOUT_RETURN_TYPE = YES_ERROR;
				GCC_WARN_UNDECLARED_SELECTOR = YES;
				GCC_WARN_UNINITIALIZED_AUTOS = YES_AGGRESSIVE;
				GCC_WARN_UNUSED_FUNCTION = YES;
				GCC_WARN_UNUSED_VARIABLE = YES;
				IPHONEOS_DEPLOYMENT_TARGET = 12.0;
				MTL_ENABLE_DEBUG_INFO = INCLUDE_SOURCE;
				MTL_FAST_MATH = YES;
				ONLY_ACTIVE_ARCH = YES;
				SDKROOT = iphoneos;
				SWIFT_ACTIVE_COMPILATION_CONDITIONS = DEBUG;
				SWIFT_OPTIMIZATION_LEVEL = "-Onone";
			};
			name = Debug;
		};
		75DF40F62173956E002D92DE /* Release */ = {
			isa = XCBuildConfiguration;
			buildSettings = {
				ALWAYS_SEARCH_USER_PATHS = NO;
				CLANG_ANALYZER_NONNULL = YES;
				CLANG_ANALYZER_NUMBER_OBJECT_CONVERSION = YES_AGGRESSIVE;
				CLANG_CXX_LANGUAGE_STANDARD = "gnu++14";
				CLANG_CXX_LIBRARY = "libc++";
				CLANG_ENABLE_MODULES = YES;
				CLANG_ENABLE_OBJC_ARC = YES;
				CLANG_ENABLE_OBJC_WEAK = YES;
				CLANG_WARN_BLOCK_CAPTURE_AUTORELEASING = YES;
				CLANG_WARN_BOOL_CONVERSION = YES;
				CLANG_WARN_COMMA = YES;
				CLANG_WARN_CONSTANT_CONVERSION = YES;
				CLANG_WARN_DEPRECATED_OBJC_IMPLEMENTATIONS = YES;
				CLANG_WARN_DIRECT_OBJC_ISA_USAGE = YES_ERROR;
				CLANG_WARN_DOCUMENTATION_COMMENTS = YES;
				CLANG_WARN_EMPTY_BODY = YES;
				CLANG_WARN_ENUM_CONVERSION = YES;
				CLANG_WARN_INFINITE_RECURSION = YES;
				CLANG_WARN_INT_CONVERSION = YES;
				CLANG_WARN_NON_LITERAL_NULL_CONVERSION = YES;
				CLANG_WARN_OBJC_IMPLICIT_RETAIN_SELF = YES;
				CLANG_WARN_OBJC_LITERAL_CONVERSION = YES;
				CLANG_WARN_OBJC_ROOT_CLASS = YES_ERROR;
				CLANG_WARN_RANGE_LOOP_ANALYSIS = YES;
				CLANG_WARN_STRICT_PROTOTYPES = YES;
				CLANG_WARN_SUSPICIOUS_MOVE = YES;
				CLANG_WARN_UNGUARDED_AVAILABILITY = YES_AGGRESSIVE;
				CLANG_WARN_UNREACHABLE_CODE = YES;
				CLANG_WARN__DUPLICATE_METHOD_MATCH = YES;
				CODE_SIGN_IDENTITY = "iPhone Developer";
				COPY_PHASE_STRIP = NO;
				DEBUG_INFORMATION_FORMAT = "dwarf-with-dsym";
				ENABLE_NS_ASSERTIONS = NO;
				ENABLE_STRICT_OBJC_MSGSEND = YES;
				GCC_C_LANGUAGE_STANDARD = gnu11;
				GCC_NO_COMMON_BLOCKS = YES;
				GCC_WARN_64_TO_32_BIT_CONVERSION = YES;
				GCC_WARN_ABOUT_RETURN_TYPE = YES_ERROR;
				GCC_WARN_UNDECLARED_SELECTOR = YES;
				GCC_WARN_UNINITIALIZED_AUTOS = YES_AGGRESSIVE;
				GCC_WARN_UNUSED_FUNCTION = YES;
				GCC_WARN_UNUSED_VARIABLE = YES;
				IPHONEOS_DEPLOYMENT_TARGET = 12.0;
				MTL_ENABLE_DEBUG_INFO = NO;
				MTL_FAST_MATH = YES;
				SDKROOT = iphoneos;
				SWIFT_COMPILATION_MODE = wholemodule;
				SWIFT_OPTIMIZATION_LEVEL = "-O";
				VALIDATE_PRODUCT = YES;
			};
			name = Release;
		};
		75DF40F82173956E002D92DE /* Debug */ = {
			isa = XCBuildConfiguration;
			buildSettings = {
				ASSETCATALOG_COMPILER_APPICON_NAME = AppIcon;
				CODE_SIGN_STYLE = Automatic;
				INFOPLIST_FILE = "Window Shopper/Info.plist";
				LD_RUNPATH_SEARCH_PATHS = (
					"$(inherited)",
					"@executable_path/Frameworks",
				);
				PRODUCT_BUNDLE_IDENTIFIER = "ratajczak.artur.Window-Shopper";
				PRODUCT_NAME = "$(TARGET_NAME)";
				SWIFT_VERSION = 4.2;
				TARGETED_DEVICE_FAMILY = 1;
			};
			name = Debug;
		};
		75DF40F92173956E002D92DE /* Release */ = {
			isa = XCBuildConfiguration;
			buildSettings = {
				ASSETCATALOG_COMPILER_APPICON_NAME = AppIcon;
				CODE_SIGN_STYLE = Automatic;
				INFOPLIST_FILE = "Window Shopper/Info.plist";
				LD_RUNPATH_SEARCH_PATHS = (
					"$(inherited)",
					"@executable_path/Frameworks",
				);
				PRODUCT_BUNDLE_IDENTIFIER = "ratajczak.artur.Window-Shopper";
				PRODUCT_NAME = "$(TARGET_NAME)";
				SWIFT_VERSION = 4.2;
				TARGETED_DEVICE_FAMILY = 1;
			};
			name = Release;
		};
		75DF410A21739F34002D92DE /* Debug */ = {
			isa = XCBuildConfiguration;
			buildSettings = {
				BUNDLE_LOADER = "$(TEST_HOST)";
				CODE_SIGN_STYLE = Automatic;
				INFOPLIST_FILE = "Window ShopperTests/Info.plist";
				LD_RUNPATH_SEARCH_PATHS = (
					"$(inherited)",
					"@executable_path/Frameworks",
					"@loader_path/Frameworks",
				);
				PRODUCT_BUNDLE_IDENTIFIER = "ratajczak.artur.Window-ShopperTests";
				PRODUCT_NAME = "$(TARGET_NAME)";
				SWIFT_VERSION = 4.2;
				TARGETED_DEVICE_FAMILY = "1,2";
				TEST_HOST = "$(BUILT_PRODUCTS_DIR)/Window Shopper.app/Window Shopper";
			};
			name = Debug;
		};
		75DF410B21739F34002D92DE /* Release */ = {
			isa = XCBuildConfiguration;
			buildSettings = {
				BUNDLE_LOADER = "$(TEST_HOST)";
				CODE_SIGN_STYLE = Automatic;
				INFOPLIST_FILE = "Window ShopperTests/Info.plist";
				LD_RUNPATH_SEARCH_PATHS = (
					"$(inherited)",
					"@executable_path/Frameworks",
					"@loader_path/Frameworks",
				);
				PRODUCT_BUNDLE_IDENTIFIER = "ratajczak.artur.Window-ShopperTests";
				PRODUCT_NAME = "$(TARGET_NAME)";
				SWIFT_VERSION = 4.2;
				TARGETED_DEVICE_FAMILY = "1,2";
				TEST_HOST = "$(BUILT_PRODUCTS_DIR)/Window Shopper.app/Window Shopper";
			};
			name = Release;
		};
/* End XCBuildConfiguration section */

/* Begin XCConfigurationList section */
		75DF40E02173956C002D92DE /* Build configuration list for PBXProject "Window Shopper" */ = {
			isa = XCConfigurationList;
			buildConfigurations = (
				75DF40F52173956E002D92DE /* Debug */,
				75DF40F62173956E002D92DE /* Release */,
			);
			defaultConfigurationIsVisible = 0;
			defaultConfigurationName = Release;
		};
		75DF40F72173956E002D92DE /* Build configuration list for PBXNativeTarget "Window Shopper" */ = {
			isa = XCConfigurationList;
			buildConfigurations = (
				75DF40F82173956E002D92DE /* Debug */,
				75DF40F92173956E002D92DE /* Release */,
			);
			defaultConfigurationIsVisible = 0;
			defaultConfigurationName = Release;
		};
		75DF410921739F34002D92DE /* Build configuration list for PBXNativeTarget "Window ShopperTests" */ = {
			isa = XCConfigurationList;
			buildConfigurations = (
				75DF410A21739F34002D92DE /* Debug */,
				75DF410B21739F34002D92DE /* Release */,
			);
			defaultConfigurationIsVisible = 0;
			defaultConfigurationName = Release;
		};
/* End XCConfigurationList section */
	};
	rootObject = 75DF40DD2173956C002D92DE /* Project object */;
}
